
Microsoft Visual Studio Solution File, Format Version 12.00
# Visual Studio Version 16
VisualStudioVersion = 16.0.30804.86
MinimumVisualStudioVersion = 10.0.40219.1
Project("{FAE04EC0-301F-11D3-BF4B-00C04F79EFBC}") = "Source", "Source\Source.csproj", "{1EC18E63-4991-4556-B4C9-BC869D3836A3}"
EndProject
Global
	GlobalSection(SolutionConfigurationPlatforms) = preSolution
		Debug|Any CPU = Debug|Any CPU
		Release|Any CPU = Release|Any CPU
	EndGlobalSection
	GlobalSection(ProjectConfigurationPlatforms) = postSolution
		{1EC18E63-4991-4556-B4C9-BC869D3836A3}.Debug|Any CPU.ActiveCfg = Debug|Any CPU
		{1EC18E63-4991-4556-B4C9-BC869D3836A3}.Debug|Any CPU.Build.0 = Debug|Any CPU
		{1EC18E63-4991-4556-B4C9-BC869D3836A3}.Release|Any CPU.ActiveCfg = Release|Any CPU
		{1EC18E63-4991-4556-B4C9-BC869D3836A3}.Release|Any CPU.Build.0 = Release|Any CPU
	EndGlobalSection
	GlobalSection(SolutionProperties) = preSolution
		HideSolutionNode = FALSE
	EndGlobalSection
	GlobalSection(ExtensibilityGlobals) = postSolution
		SolutionGuid = {C167CF75-C50B-4FFC-92EF-445E6D140A5B}
	EndGlobalSection
EndGlobal
